{
    "name": "corte-comigo",
    "version": "1.0.0",
    "lockfileVersion": 3,
    "requires": true,
    "packages": {
        "": {
            "name": "corte-comigo",
            "version": "1.0.0",
            "dependencies": {
                "@supabase/supabase-js": "^2.116.0",
                "bcryptjs": "^3.0.3",
                "dotenv": "^17.4.2",
                "imapflow": "^1.7.6",
                "knex": "^3.3.0",
                "nodemailer": "^9.0.5",
                "pg": "^8.23.0",
                "postal-mime": "^2.7.5",
                "totalvoice-node": "^1.12.0"
            }
        },
        "node_modules/@pinojs/redact": {
            "version": "0.4.0",
            "resolved": "https://registry.npmjs.org/@pinojs/redact/-/redact-0.4.0.tgz",
            "integrity": "sha512-k2ENnmBugE/rzQfEcdWHcCY+/FM3VLzH9cYEsbdsoqrvzAKRhUZeRNhAZvB8OitQJ1TBed3yqWtdjzS6wJKBwg==",
            "license": "MIT"
        },
        "node_modules/@supabase/auth-js": {
            "version": "2.116.0",
            "resolved": "https://registry.npmjs.org/@supabase/auth-js/-/auth-js-2.116.0.tgz",
            "integrity": "sha512-Cmosty12gyKGK9N3bQb+lMmuAFev5nmUzaR1AsmZHqKOAGzqX1VQzmp49CNPwOx/pw0H9Qqk4rs9yhwTlKpfDg==",
            "license": "MIT",
            "dependencies": {
                "tslib": "2.8.1"
            },
            "engines": {
                "node": ">=22.0.0"
            }
        },
        "node_modules/@supabase/functions-js": {
            "version": "2.116.0",
            "resolved": "https://registry.npmjs.org/@supabase/functions-js/-/functions-js-2.116.0.tgz",
            "integrity": "sha512-E+VOc2QDcni/fySqkBFiZhnoB3SGydEdZgFI6/dEAGAHx6yEhB46TN9qb2wXs+E+RSzOBV0R6dasiSlw4xlZAA==",
            "license": "MIT",
            "dependencies": {
                "tslib": "2.8.1"
            },
            "engines": {
                "node": ">=22.0.0"
            }
        },
        "node_modules/@supabase/phoenix": {
            "version": "0.4.5",
            "resolved": "https://registry.npmjs.org/@supabase/phoenix/-/phoenix-0.4.5.tgz",
            "integrity": "sha512-aAn9H9ovVyeApKy11OWOrrOGq8DV68yWeH4ud2lN9fzn4aO8Zb5GLL9m1pUg9nLqIcT+ZDfAcsZe0E/nqdv2lw==",
            "license": "MIT"
        },
        "node_modules/@supabase/postgrest-js": {
            "version": "2.116.0",
            "resolved": "https://registry.npmjs.org/@supabase/postgrest-js/-/postgrest-js-2.116.0.tgz",
            "integrity": "sha512-kGpVZTDHxFTJS3tu+rU0iTAZ+4U0bcLVjxwCk8f3gRhjw3qdCZjTBlgYvc4kGH2XccmAzbkKwXL/mrNHMGSc+A==",
            "license": "MIT",
            "dependencies": {
                "tslib": "2.8.1"
            },
            "engines": {
                "node": ">=22.0.0"
            }
        },
        "node_modules/@supabase/realtime-js": {
            "version": "2.116.0",
            "resolved": "https://registry.npmjs.org/@supabase/realtime-js/-/realtime-js-2.116.0.tgz",
            "integrity": "sha512-MHAnlXxi2s6yiJsZsQMfs2B3RFxeVfQWxerqYhIMqcCQV/FuY3LIeouPEkXw/ah7wUWMLYwempF9MOCUScyddg==",
            "license": "MIT",
            "dependencies": {
                "@supabase/phoenix": "0.4.5",
                "tslib": "2.8.1"
            },
            "engines": {
                "node": ">=22.0.0"
            }
        },
        "node_modules/@supabase/storage-js": {
            "version": "2.116.0",
            "resolved": "https://registry.npmjs.org/@supabase/storage-js/-/storage-js-2.116.0.tgz",
            "integrity": "sha512-6/3hR6vccBP6oGM5B6RfbwZcTCKmQOodd/ZWQdsw8yJsU5zO/a//oBL6yLnmgxcjnHSrelW8rsO7hL5DPybyUQ==",
            "license": "MIT",
            "dependencies": {
                "iceberg-js": "^0.8.1",
                "tslib": "2.8.1"
            },
            "engines": {
                "node": ">=22.0.0"
            }
        },
        "node_modules/@supabase/supabase-js": {
            "version": "2.116.0",
            "resolved": "https://registry.npmjs.org/@supabase/supabase-js/-/supabase-js-2.116.0.tgz",
            "integrity": "sha512-YyWmKXt2NspV9iO8FPnlswUFJIRnrLd3oTCb+3ZyYRuKZtBH0xCUDgnUqoyA0fGUxpM/UhfwDjYf/dht/9bp7g==",
            "license": "MIT",
            "dependencies": {
                "@supabase/auth-js": "2.116.0",
                "@supabase/functions-js": "2.116.0",
                "@supabase/postgrest-js": "2.116.0",
                "@supabase/realtime-js": "2.116.0",
                "@supabase/storage-js": "2.116.0"
            },
            "engines": {
                "node": ">=22.0.0"
            },
            "peerDependencies": {
                "@opentelemetry/api": ">=1.0.0"
            },
            "peerDependenciesMeta": {
                "@opentelemetry/api": {
                    "optional": true
                }
            }
        },
        "node_modules/@zone-eu/mailsplit": {
            "version": "5.4.15",
            "resolved": "https://registry.npmjs.org/@zone-eu/mailsplit/-/mailsplit-5.4.15.tgz",
            "integrity": "sha512-c7ZpxauvF4AEkDJlKDYO7iMUtMuqJMBnDWNff1cyx+d7zaBVR3iFEmXhNHOVoMmVyVF3pTZLsLIJsEFKDldOAA==",
            "license": "(MIT OR EUPL-1.1+)",
            "dependencies": {
                "libbase64": "1.3.0",
                "libmime": "5.4.2",
                "libqp": "2.1.1"
            }
        },
        "node_modules/atomic-sleep": {
            "version": "1.0.0",
            "resolved": "https://registry.npmjs.org/atomic-sleep/-/atomic-sleep-1.0.0.tgz",
            "integrity": "sha512-kNOjDqAh7px0XWNI+4QbzoiR/nTkHAWNud2uvnJquD1/x5a7EQZMJT0AczqK0Qn67oY/TTQ1LbUKajZpp3I9tQ==",
            "license": "MIT",
            "engines": {
                "node": ">=8.0.0"
            }
        },
        "node_modules/axios": {
            "version": "0.21.4",
            "resolved": "https://registry.npmjs.org/axios/-/axios-0.21.4.tgz",
            "integrity": "sha512-ut5vewkiu8jjGBdqpM44XxjuCjq9LAKeHVmoVfHVzy8eHgxxq8SbAVQNovDA8mVi05kP0Ea/n/UzcSHcTJQfNg==",
            "license": "MIT",
            "dependencies": {
                "follow-redirects": "^1.14.0"
            }
        },
        "node_modules/bcryptjs": {
            "version": "3.0.3",
            "resolved": "https://registry.npmjs.org/bcryptjs/-/bcryptjs-3.0.3.tgz",
            "integrity": "sha512-GlF5wPWnSa/X5LKM1o0wz0suXIINz1iHRLvTS+sLyi7XPbe5ycmYI3DlZqVGZZtDgl4DmasFg7gOB3JYbphV5g==",
            "license": "BSD-3-Clause",
            "bin": {
                "bcrypt": "bin/bcrypt"
            }
        },
        "node_modules/colorette": {
            "version": "2.0.19",
            "resolved": "https://registry.npmjs.org/colorette/-/colorette-2.0.19.tgz",
            "integrity": "sha512-3tlv/dIP7FWvj3BsbHrGLJ6l/oKh1O3TcgBqMn+yyCagOxc23fyzDS6HypQbgxWbkpDnf52p1LuR4eWDQ/K9WQ==",
            "license": "MIT"
        },
        "node_modules/commander": {
            "version": "10.0.1",
            "resolved": "https://registry.npmjs.org/commander/-/commander-10.0.1.tgz",
            "integrity": "sha512-y4Mg2tXshplEbSGzx7amzPwKKOCGuoSRP/CjEdwwk0FOGlUbq6lKuoyDZTNZkmxHdJtp54hdfY/JUrdL7Xfdug==",
            "license": "MIT",
            "engines": {
                "node": ">=14"
            }
        },
        "node_modules/debug": {
            "version": "4.3.4",
            "resolved": "https://registry.npmjs.org/debug/-/debug-4.3.4.tgz",
            "integrity": "sha512-PRWFHuSU3eDtQJPvnNY7Jcket1j0t5OuOsFzPPzsekD52Zl8qUfFIPEiswXqIvHWGVHOgX+7G/vCNNhehwxfkQ==",
            "license": "MIT",
            "dependencies": {
                "ms": "2.1.2"
            },
            "engines": {
                "node": ">=6.0"
            },
            "peerDependenciesMeta": {
                "supports-color": {
                    "optional": true
                }
            }
        },
        "node_modules/dotenv": {
            "version": "17.4.2",
            "resolved": "https://registry.npmjs.org/dotenv/-/dotenv-17.4.2.tgz",
            "integrity": "sha512-nI4U3TottKAcAD9LLud4Cb7b2QztQMUEfHbvhTH09bqXTxnSie8WnjPALV/WMCrJZ6UV/qHJ6L03OqO3LcdYZw==",
            "license": "BSD-2-Clause",
            "engines": {
                "node": ">=12"
            },
            "funding": {
                "url": "https://dotenvx.com"
            }
        },
        "node_modules/encoding-japanese": {
            "version": "2.2.0",
            "resolved": "https://registry.npmjs.org/encoding-japanese/-/encoding-japanese-2.2.0.tgz",
            "integrity": "sha512-EuJWwlHPZ1LbADuKTClvHtwbaFn4rOD+dRAbWysqEOXRc2Uui0hJInNJrsdH0c+OhJA4nrCBdSkW4DD5YxAo6A==",
            "license": "MIT",
            "engines": {
                "node": ">=8.10.0"
            }
        },
        "node_modules/es-errors": {
            "version": "1.3.0",
            "resolved": "https://registry.npmjs.org/es-errors/-/es-errors-1.3.0.tgz",
            "integrity": "sha512-Zf5H2Kxt2xjTvbJvP2ZWLEICxA6j+hAmMzIlypy4xcBg1vKVnx89Wy0GbS+kf5cwCVFFzdCFh2XSCFNULS6csw==",
            "license": "MIT",
            "engines": {
                "node": ">= 0.4"
            }
        },
        "node_modules/escalade": {
            "version": "3.2.0",
            "resolved": "https://registry.npmjs.org/escalade/-/escalade-3.2.0.tgz",
            "integrity": "sha512-WUj2qlxaQtO4g6Pq5c29GTcWGDyd8itL8zTlipgECz3JesAiiOKotd8JU6otB3PACgG6xkJUyVhboMS+bje/jA==",
            "license": "MIT",
            "engines": {
                "node": ">=6"
            }
        },
        "node_modules/esm": {
            "version": "3.2.25",
            "resolved": "https://registry.npmjs.org/esm/-/esm-3.2.25.tgz",
            "integrity": "sha512-U1suiZ2oDVWv4zPO56S0NcR5QriEahGtdN2OR6FiOG4WJvcjBVFB0qI4+eKoWFH483PKGuLuu6V8Z4T5g63UVA==",
            "license": "MIT",
            "engines": {
                "node": ">=6"
            }
        },
        "node_modules/follow-redirects": {
            "version": "1.16.0",
            "resolved": "https://registry.npmjs.org/follow-redirects/-/follow-redirects-1.16.0.tgz",
            "integrity": "sha512-y5rN/uOsadFT/JfYwhxRS5R7Qce+g3zG97+JrtFZlC9klX/W5hD7iiLzScI4nZqUS7DNUdhPgw4xI8W2LuXlUw==",
            "funding": [
                {
                    "type": "individual",
                    "url": "https://github.com/sponsors/RubenVerborgh"
                }
            ],
            "license": "MIT",
            "engines": {
                "node": ">=4.0"
            },
            "peerDependenciesMeta": {
                "debug": {
                    "optional": true
                }
            }
        },
        "node_modules/function-bind": {
            "version": "1.1.2",
            "resolved": "https://registry.npmjs.org/function-bind/-/function-bind-1.1.2.tgz",
            "integrity": "sha512-7XHNxH7qX9xG5mIwxkhumTox/MIRNcOgDrxWsMt2pAr23WHp6MrRlN7FBSFpCpr+oVO0F744iUgR82nJMfG2SA==",
            "license": "MIT",
            "funding": {
                "url": "https://github.com/sponsors/ljharb"
            }
        },
        "node_modules/get-package-type": {
            "version": "0.1.0",
            "resolved": "https://registry.npmjs.org/get-package-type/-/get-package-type-0.1.0.tgz",
            "integrity": "sha512-pjzuKtY64GYfWizNAJ0fr9VqttZkNiK2iS430LtIHzjBEr6bX8Am2zm4sW4Ro5wjWW5cAlRL1qAMTcXbjNAO2Q==",
            "license": "MIT",
            "engines": {
                "node": ">=8.0.0"
            }
        },
        "node_modules/getopts": {
            "version": "2.3.0",
            "resolved": "https://registry.npmjs.org/getopts/-/getopts-2.3.0.tgz",
            "integrity": "sha512-5eDf9fuSXwxBL6q5HX+dhDj+dslFGWzU5thZ9kNKUkcPtaPdatmUFKwHFrLb/uf/WpA4BHET+AX3Scl56cAjpA==",
            "license": "MIT"
        },
        "node_modules/hasown": {
            "version": "2.0.4",
            "resolved": "https://registry.npmjs.org/hasown/-/hasown-2.0.4.tgz",
            "integrity": "sha512-T2UbfbBEF32wiepXIsMlTW9+dDYC6wMh/t/vYA4tuOMKqWz/n3vr1NFSxQiyP+zk2mXsoMA/i/7qV6LKut1t1A==",
            "license": "MIT",
            "dependencies": {
                "function-bind": "^1.1.2"
            },
            "engines": {
                "node": ">= 0.4"
            }
        },
        "node_modules/iceberg-js": {
            "version": "0.8.1",
            "resolved": "https://registry.npmjs.org/iceberg-js/-/iceberg-js-0.8.1.tgz",
            "integrity": "sha512-1dhVQZXhcHje7798IVM+xoo/1ZdVfzOMIc8/rgVSijRK38EDqOJoGula9N/8ZI5RD8QTxNQtK/Gozpr+qUqRRA==",
            "license": "MIT",
            "engines": {
                "node": ">=20.0.0"
            }
        },
        "node_modules/iconv-lite": {
            "version": "0.7.3",
            "resolved": "https://registry.npmjs.org/iconv-lite/-/iconv-lite-0.7.3.tgz",
            "integrity": "sha512-IKXpvIzjnC9XTAUbVBcMfGS0EPaIXtW6v+zr+RRp+hqULEpo0owZax6wyRwPOJbWbzjYspQwusTsfVr0ifh4uQ==",
            "license": "MIT",
            "dependencies": {
                "safer-buffer": ">= 2.1.2 < 3.0.0"
            },
            "engines": {
                "node": ">=0.10.0"
            },
            "funding": {
                "type": "opencollective",
                "url": "https://opencollective.com/express"
            }
        },
        "node_modules/imapflow": {
            "version": "1.7.6",
            "resolved": "https://registry.npmjs.org/imapflow/-/imapflow-1.7.6.tgz",
            "integrity": "sha512-xah3HpJKHzNbO780jy+v/Gjmly9WBgPH2dl5/nNs+Q5ofjpn4bUTz0PR2kcrHGlBRsjGFOC7NTYkStakGN8Fyg==",
            "license": "MIT",
            "dependencies": {
                "@zone-eu/mailsplit": "5.4.15",
                "encoding-japanese": "2.2.0",
                "iconv-lite": "0.7.3",
                "libbase64": "1.3.0",
                "libmime": "5.4.2",
                "libqp": "2.1.1",
                "pino": "10.3.1",
                "socks": "2.8.9"
            }
        },
        "node_modules/interpret": {
            "version": "2.2.0",
            "resolved": "https://registry.npmjs.org/interpret/-/interpret-2.2.0.tgz",
            "integrity": "sha512-Ju0Bz/cEia55xDwUWEa8+olFpCiQoypjnQySseKtmjNrnps3P+xfpUmGr90T7yjlVJmOtybRvPXhKMbHr+fWnw==",
            "license": "MIT",
            "engines": {
                "node": ">= 0.10"
            }
        },
        "node_modules/ip-address": {
            "version": "10.5.0",
            "resolved": "https://registry.npmjs.org/ip-address/-/ip-address-10.5.0.tgz",
            "integrity": "sha512-R5SnVLJmgYYvf2F2ZgwSBnelz5G4q5AxIC277GDfUaNbrZKNANcBC7RHqYYePlszf4kBolVkJauG0ZjHHFh55g==",
            "license": "MIT",
            "engines": {
                "node": ">= 12"
            }
        },
        "node_modules/is-core-module": {
            "version": "2.16.2",
            "resolved": "https://registry.npmjs.org/is-core-module/-/is-core-module-2.16.2.tgz",
            "integrity": "sha512-evOr8xfXKxE6qSR0hSXL2r3sd7ALj8+7jQEUvPYcm5sgZFdJ+AYzT6yNmJenvIYQBgIGwfwz08sL8zoL7yq2BA==",
            "license": "MIT",
            "dependencies": {
                "hasown": "^2.0.3"
            },
            "engines": {
                "node": ">= 0.4"
            },
            "funding": {
                "url": "https://github.com/sponsors/ljharb"
            }
        },
        "node_modules/knex": {
            "version": "3.3.0",
            "resolved": "https://registry.npmjs.org/knex/-/knex-3.3.0.tgz",
            "integrity": "sha512-LgWl031hNuLv9Lhxdd9093zULa2aNcoP04Bk29e5NidgRcEr/T0rAr2WYi4BhjTiCDoQiRU56meUE5rppLKZzQ==",
            "license": "MIT",
            "dependencies": {
                "colorette": "2.0.19",
                "commander": "^10.0.0",
                "debug": "4.3.4",
                "escalade": "^3.1.1",
                "esm": "^3.2.25",
                "get-package-type": "^0.1.0",
                "getopts": "2.3.0",
                "interpret": "^2.2.0",
                "lodash": "^4.18.1",
                "pg-connection-string": "2.6.2",
                "rechoir": "^0.8.0",
                "resolve-from": "^5.0.0",
                "tarn": "^3.1.0",
                "tildify": "2.0.0"
            },
            "bin": {
                "knex": "bin/cli.js"
            },
            "engines": {
                "node": ">=16"
            },
            "peerDependencies": {
                "pg-query-stream": "^4.14.0"
            },
            "peerDependenciesMeta": {
                "better-sqlite3": {
                    "optional": true
                },
                "mariadb": {
                    "optional": true
                },
                "mysql": {
                    "optional": true
                },
                "mysql2": {
                    "optional": true
                },
                "pg": {
                    "optional": true
                },
                "pg-native": {
                    "optional": true
                },
                "pg-query-stream": {
                    "optional": true
                },
                "sqlite3": {
                    "optional": true
                },
                "tedious": {
                    "optional": true
                }
            }
        },
        "node_modules/libbase64": {
            "version": "1.3.0",
            "resolved": "https://registry.npmjs.org/libbase64/-/libbase64-1.3.0.tgz",
            "integrity": "sha512-GgOXd0Eo6phYgh0DJtjQ2tO8dc0IVINtZJeARPeiIJqge+HdsWSuaDTe8ztQ7j/cONByDZ3zeB325AHiv5O0dg==",
            "license": "MIT"
        },
        "node_modules/libmime": {
            "version": "5.4.2",
            "resolved": "https://registry.npmjs.org/libmime/-/libmime-5.4.2.tgz",
            "integrity": "sha512-+IQnCOdPiufGBkOii+Ze8F7iniyBzOwvWDbn1DyExBpc9pT2B3IEMQi7GUc/PpqhNUh/sr1SG9UXDITQoR0VIA==",
            "license": "MIT",
            "dependencies": {
                "encoding-japanese": "2.2.0",
                "iconv-lite": "0.7.3",
                "libbase64": "1.3.0",
                "libqp": "2.1.1"
            }
        },
        "node_modules/libqp": {
            "version": "2.1.1",
            "resolved": "https://registry.npmjs.org/libqp/-/libqp-2.1.1.tgz",
            "integrity": "sha512-0Wd+GPz1O134cP62YU2GTOPNA7Qgl09XwCqM5zpBv87ERCXdfDtyKXvV7c9U22yWJh44QZqBocFnXN11K96qow==",
            "license": "MIT"
        },
        "node_modules/lodash": {
            "version": "4.18.1",
            "resolved": "https://registry.npmjs.org/lodash/-/lodash-4.18.1.tgz",
            "integrity": "sha512-dMInicTPVE8d1e5otfwmmjlxkZoUpiVLwyeTdUsi/Caj/gfzzblBcCE5sRHV/AsjuCmxWrte2TNGSYuCeCq+0Q==",
            "license": "MIT"
        },
        "node_modules/ms": {
            "version": "2.1.2",
            "resolved": "https://registry.npmjs.org/ms/-/ms-2.1.2.tgz",
            "integrity": "sha512-sGkPx+VjMtmA6MX27oA4FBFELFCZZ4S4XqeGOXCv68tT+jb3vk/RyaKWP0PTKyWtmLSM0b+adUTEvbs1PEaH2w==",
            "license": "MIT"
        },
        "node_modules/nodemailer": {
            "version": "9.0.5",
            "resolved": "https://registry.npmjs.org/nodemailer/-/nodemailer-9.0.5.tgz",
            "integrity": "sha512-wvjiKvjczmsN7U/8006JOdXubgBk2XFAbioDMbT+sM7cPs0QrhJTa6KBRX7P5REGGkDcLUz/EarWidb8G8C1jQ==",
            "license": "MIT-0",
            "engines": {
                "node": ">=6.0.0"
            }
        },
        "node_modules/on-exit-leak-free": {
            "version": "2.1.2",
            "resolved": "https://registry.npmjs.org/on-exit-leak-free/-/on-exit-leak-free-2.1.2.tgz",
            "integrity": "sha512-0eJJY6hXLGf1udHwfNftBqH+g73EU4B504nZeKpz1sYRKafAghwxEJunB2O7rDZkL4PGfsMVnTXZ2EjibbqcsA==",
            "license": "MIT",
            "engines": {
                "node": ">=14.0.0"
            }
        },
        "node_modules/path-parse": {
            "version": "1.0.7",
            "resolved": "https://registry.npmjs.org/path-parse/-/path-parse-1.0.7.tgz",
            "integrity": "sha512-LDJzPVEEEPR+y48z93A0Ed0yXb8pAByGWo/k5YYdYgpY2/2EsOsksJrq7lOHxryrVOn1ejG6oAp8ahvOIQD8sw==",
            "license": "MIT"
        },
        "node_modules/pg": {
            "version": "8.23.0",
            "resolved": "https://registry.npmjs.org/pg/-/pg-8.23.0.tgz",
            "integrity": "sha512-Ip2EQCngowJLGOfCwkFhPXU7/ljlhn6Rxlmy4XYfL2Y+vyRM59+8uR2xqRWKdYmbXmxCFOAmKxBuSUCdF34qLg==",
            "license": "MIT",
            "dependencies": {
                "pg-connection-string": "^2.14.0",
                "pg-pool": "^3.14.0",
                "pg-protocol": "^1.16.0",
                "pg-types": "2.2.0",
                "pgpass": "1.0.5"
            },
            "engines": {
                "node": ">= 16.0.0"
            },
            "optionalDependencies": {
                "pg-cloudflare": "^1.4.0"
            },
            "peerDependencies": {
                "pg-native": ">=3.0.1"
            },
            "peerDependenciesMeta": {
                "pg-native": {
                    "optional": true
                }
            }
        },
        "node_modules/pg-cloudflare": {
            "version": "1.4.0",
            "resolved": "https://registry.npmjs.org/pg-cloudflare/-/pg-cloudflare-1.4.0.tgz",
            "integrity": "sha512-Vo7z/6rrQYxpNRylp4Tlob2elzbh+N/MOQbxFVWCxS7oEx6jF53GTJFxK2WWpKuBRkmiin4Mt+xofFDjx09R0A==",
            "license": "MIT",
            "optional": true
        },
        "node_modules/pg-connection-string": {
            "version": "2.6.2",
            "resolved": "https://registry.npmjs.org/pg-connection-string/-/pg-connection-string-2.6.2.tgz",
            "integrity": "sha512-ch6OwaeaPYcova4kKZ15sbJ2hKb/VP48ZD2gE7i1J+L4MspCtBMAx8nMgz7bksc7IojCIIWuEhHibSMFH8m8oA==",
            "license": "MIT"
        },
        "node_modules/pg-int8": {
            "version": "1.0.1",
            "resolved": "https://registry.npmjs.org/pg-int8/-/pg-int8-1.0.1.tgz",
            "integrity": "sha512-WCtabS6t3c8SkpDBUlb1kjOs7l66xsGdKpIPZsg4wR+B3+u9UAum2odSsF9tnvxg80h4ZxLWMy4pRjOsFIqQpw==",
            "license": "ISC",
            "engines": {
                "node": ">=4.0.0"
            }
        },
        "node_modules/pg-pool": {
            "version": "3.14.0",
            "resolved": "https://registry.npmjs.org/pg-pool/-/pg-pool-3.14.0.tgz",
            "integrity": "sha512-gKtPkFdQPU3DksooVLi9LsjZxrsBUZIpa+7aVx+LV5pNh0KzP4Zleud2po+ConrxbuXGBJ6Hfer6hdgpIBpBaw==",
            "license": "MIT",
            "peerDependencies": {
                "pg": ">=8.0"
            }
        },
        "node_modules/pg-protocol": {
            "version": "1.16.0",
            "resolved": "https://registry.npmjs.org/pg-protocol/-/pg-protocol-1.16.0.tgz",
            "integrity": "sha512-sILXutLVjCLjcDuOmvhX5e2Z4cS5qG/6Bu3VkpFwdf/633ElGLpEh9bgmuI5I4sqKqkifQiGyiCcx1HdtrK7tg==",
            "license": "MIT"
        },
        "node_modules/pg-types": {
            "version": "2.2.0",
            "resolved": "https://registry.npmjs.org/pg-types/-/pg-types-2.2.0.tgz",
            "integrity": "sha512-qTAAlrEsl8s4OiEQY69wDvcMIdQN6wdz5ojQiOy6YRMuynxenON0O5oCpJI6lshc6scgAY8qvJ2On/p+CXY0GA==",
            "license": "MIT",
            "dependencies": {
                "pg-int8": "1.0.1",
                "postgres-array": "~2.0.0",
                "postgres-bytea": "~1.0.0",
                "postgres-date": "~1.0.4",
                "postgres-interval": "^1.1.0"
            },
            "engines": {
                "node": ">=4"
            }
        },
        "node_modules/pg/node_modules/pg-connection-string": {
            "version": "2.14.0",
            "resolved": "https://registry.npmjs.org/pg-connection-string/-/pg-connection-string-2.14.0.tgz",
            "integrity": "sha512-XwWDGcLRGCXAR8F/AM5bG7Q+A3Wm2s6QeEjlOKZLlH3UYcguiqCWKyWXVag5TLTIjR7oOJUY8kcADaZgWPyLeg==",
            "license": "MIT"
        },
        "node_modules/pgpass": {
            "version": "1.0.5",
            "resolved": "https://registry.npmjs.org/pgpass/-/pgpass-1.0.5.tgz",
            "integrity": "sha512-FdW9r/jQZhSeohs1Z3sI1yxFQNFvMcnmfuj4WBMUTxOrAyLMaTcE1aAMBiTlbMNaXvBCQuVi0R7hd8udDSP7ug==",
            "license": "MIT",
            "dependencies": {
                "split2": "^4.1.0"
            }
        },
        "node_modules/pino": {
            "version": "10.3.1",
            "resolved": "https://registry.npmjs.org/pino/-/pino-10.3.1.tgz",
            "integrity": "sha512-r34yH/GlQpKZbU1BvFFqOjhISRo1MNx1tWYsYvmj6KIRHSPMT2+yHOEb1SG6NMvRoHRF0a07kCOox/9yakl1vg==",
            "license": "MIT",
            "dependencies": {
                "@pinojs/redact": "^0.4.0",
                "atomic-sleep": "^1.0.0",
                "on-exit-leak-free": "^2.1.0",
                "pino-abstract-transport": "^3.0.0",
                "pino-std-serializers": "^7.0.0",
                "process-warning": "^5.0.0",
                "quick-format-unescaped": "^4.0.3",
                "real-require": "^0.2.0",
                "safe-stable-stringify": "^2.3.1",
                "sonic-boom": "^4.0.1",
                "thread-stream": "^4.0.0"
            },
            "bin": {
                "pino": "bin.js"
            }
        },
        "node_modules/pino-abstract-transport": {
            "version": "3.0.0",
            "resolved": "https://registry.npmjs.org/pino-abstract-transport/-/pino-abstract-transport-3.0.0.tgz",
            "integrity": "sha512-wlfUczU+n7Hy/Ha5j9a/gZNy7We5+cXp8YL+X+PG8S0KXxw7n/JXA3c46Y0zQznIJ83URJiwy7Lh56WLokNuxg==",
            "license": "MIT",
            "dependencies": {
                "split2": "^4.0.0"
            }
        },
        "node_modules/pino-std-serializers": {
            "version": "7.1.0",
            "resolved": "https://registry.npmjs.org/pino-std-serializers/-/pino-std-serializers-7.1.0.tgz",
            "integrity": "sha512-BndPH67/JxGExRgiX1dX0w1FvZck5Wa4aal9198SrRhZjH3GxKQUKIBnYJTdj2HDN3UQAS06HlfcSbQj2OHmaw==",
            "license": "MIT"
        },
        "node_modules/postal-mime": {
            "version": "2.7.5",
            "resolved": "https://registry.npmjs.org/postal-mime/-/postal-mime-2.7.5.tgz",
            "integrity": "sha512-GNEXKvWFQnbgO5NlrGzVa0FmWzBZ24PersAWErttSg1Hjpf0ATxTwS5DOMGaOpTG6bUh5cTr7xi0jAD942wCJA==",
            "license": "MIT-0"
        },
        "node_modules/postgres-array": {
            "version": "2.0.0",
            "resolved": "https://registry.npmjs.org/postgres-array/-/postgres-array-2.0.0.tgz",
            "integrity": "sha512-VpZrUqU5A69eQyW2c5CA1jtLecCsN2U/bD6VilrFDWq5+5UIEVO7nazS3TEcHf1zuPYO/sqGvUvW62g86RXZuA==",
            "license": "MIT",
            "engines": {
                "node": ">=4"
            }
        },
        "node_modules/postgres-bytea": {
            "version": "1.0.1",
            "resolved": "https://registry.npmjs.org/postgres-bytea/-/postgres-bytea-1.0.1.tgz",
            "integrity": "sha512-5+5HqXnsZPE65IJZSMkZtURARZelel2oXUEO8rH83VS/hxH5vv1uHquPg5wZs8yMAfdv971IU+kcPUczi7NVBQ==",
            "license": "MIT",
            "engines": {
                "node": ">=0.10.0"
            }
        },
        "node_modules/postgres-date": {
            "version": "1.0.7",
            "resolved": "https://registry.npmjs.org/postgres-date/-/postgres-date-1.0.7.tgz",
            "integrity": "sha512-suDmjLVQg78nMK2UZ454hAG+OAW+HQPZ6n++TNDUX+L0+uUlLywnoxJKDou51Zm+zTCjrCl0Nq6J9C5hP9vK/Q==",
            "license": "MIT",
            "engines": {
                "node": ">=0.10.0"
            }
        },
        "node_modules/postgres-interval": {
            "version": "1.2.0",
            "resolved": "https://registry.npmjs.org/postgres-interval/-/postgres-interval-1.2.0.tgz",
            "integrity": "sha512-9ZhXKM/rw350N1ovuWHbGxnGh/SNJ4cnxHiM0rxE4VN41wsg8P8zWn9hv/buK00RP4WvlOyr/RBDiptyxVbkZQ==",
            "license": "MIT",
            "dependencies": {
                "xtend": "^4.0.0"
            },
            "engines": {
                "node": ">=0.10.0"
            }
        },
        "node_modules/process-warning": {
            "version": "5.1.0",
            "resolved": "https://registry.npmjs.org/process-warning/-/process-warning-5.1.0.tgz",
            "integrity": "sha512-jQSaVHsPgtyw60e1rQ/A+/ArPEj/S8pS/vFnyGa/gYFXrKk/6RuDkoqVDQ5NI5MmS01698ltlAk0NoDBNLujRw==",
            "funding": [
                {
                    "type": "github",
                    "url": "https://github.com/sponsors/fastify"
                },
                {
                    "type": "opencollective",
                    "url": "https://opencollective.com/fastify"
                }
            ],
            "license": "MIT"
        },
        "node_modules/quick-format-unescaped": {
            "version": "4.0.4",
            "resolved": "https://registry.npmjs.org/quick-format-unescaped/-/quick-format-unescaped-4.0.4.tgz",
            "integrity": "sha512-tYC1Q1hgyRuHgloV/YXs2w15unPVh8qfu/qCTfhTYamaw7fyhumKa2yGpdSo87vY32rIclj+4fWYQXUMs9EHvg==",
            "license": "MIT"
        },
        "node_modules/real-require": {
            "version": "0.2.0",
            "resolved": "https://registry.npmjs.org/real-require/-/real-require-0.2.0.tgz",
            "integrity": "sha512-57frrGM/OCTLqLOAh0mhVA9VBMHd+9U7Zb2THMGdBUoZVOtGbJzjxsYGDJ3A9AYYCP4hn6y1TVbaOfzWtm5GFg==",
            "license": "MIT",
            "engines": {
                "node": ">= 12.13.0"
            }
        },
        "node_modules/rechoir": {
            "version": "0.8.0",
            "resolved": "https://registry.npmjs.org/rechoir/-/rechoir-0.8.0.tgz",
            "integrity": "sha512-/vxpCXddiX8NGfGO/mTafwjq4aFa/71pvamip0++IQk3zG8cbCj0fifNPrjjF1XMXUne91jL9OoxmdykoEtifQ==",
            "license": "MIT",
            "dependencies": {
                "resolve": "^1.20.0"
            },
            "engines": {
                "node": ">= 10.13.0"
            }
        },
        "node_modules/resolve": {
            "version": "1.22.12",
            "resolved": "https://registry.npmjs.org/resolve/-/resolve-1.22.12.tgz",
            "integrity": "sha512-TyeJ1zif53BPfHootBGwPRYT1RUt6oGWsaQr8UyZW/eAm9bKoijtvruSDEmZHm92CwS9nj7/fWttqPCgzep8CA==",
            "license": "MIT",
            "dependencies": {
                "es-errors": "^1.3.0",
                "is-core-module": "^2.16.1",
                "path-parse": "^1.0.7",
                "supports-preserve-symlinks-flag": "^1.0.0"
            },
            "bin": {
                "resolve": "bin/resolve"
            },
            "engines": {
                "node": ">= 0.4"
            },
            "funding": {
                "url": "https://github.com/sponsors/ljharb"
            }
        },
        "node_modules/resolve-from": {
            "version": "5.0.0",
            "resolved": "https://registry.npmjs.org/resolve-from/-/resolve-from-5.0.0.tgz",
            "integrity": "sha512-qYg9KP24dD5qka9J47d0aVky0N+b4fTU89LN9iDnjB5waksiC49rvMB0PrUJQGoTmH50XPiqOvAjDfaijGxYZw==",
            "license": "MIT",
            "engines": {
                "node": ">=8"
            }
        },
        "node_modules/safe-stable-stringify": {
            "version": "2.5.0",
            "resolved": "https://registry.npmjs.org/safe-stable-stringify/-/safe-stable-stringify-2.5.0.tgz",
            "integrity": "sha512-b3rppTKm9T+PsVCBEOUR46GWI7fdOs00VKZ1+9c1EWDaDMvjQc6tUwuFyIprgGgTcWoVHSKrU8H31ZHA2e0RHA==",
            "license": "MIT",
            "engines": {
                "node": ">=10"
            }
        },
        "node_modules/safer-buffer": {
            "version": "2.1.2",
            "resolved": "https://registry.npmjs.org/safer-buffer/-/safer-buffer-2.1.2.tgz",
            "integrity": "sha512-YZo3K82SD7Riyi0E1EQPojLz7kpepnSQI9IyPbHHg1XXXevb5dJI7tpyN2ADxGcQbHG7vcyRHk0cbwqcQriUtg==",
            "license": "MIT"
        },
        "node_modules/smart-buffer": {
            "version": "4.2.0",
            "resolved": "https://registry.npmjs.org/smart-buffer/-/smart-buffer-4.2.0.tgz",
            "integrity": "sha512-94hK0Hh8rPqQl2xXc3HsaBoOXKV20MToPkcXvwbISWLEs+64sBq5kFgn2kJDHb1Pry9yrP0dxrCI9RRci7RXKg==",
            "license": "MIT",
            "engines": {
                "node": ">= 6.0.0",
                "npm": ">= 3.0.0"
            }
        },
        "node_modules/socks": {
            "version": "2.8.9",
            "resolved": "https://registry.npmjs.org/socks/-/socks-2.8.9.tgz",
            "integrity": "sha512-LJhUYUvItdQ0LkJTmPeaEObWXAqFyfmP85x0tch/ez9cahmhlBBLbIqDFnvBnUJGagb0JbIQrkBs1wJ+yRYpEw==",
            "license": "MIT",
            "dependencies": {
                "ip-address": "^10.1.1",
                "smart-buffer": "^4.2.0"
            },
            "engines": {
                "node": ">= 10.0.0",
                "npm": ">= 3.0.0"
            }
        },
        "node_modules/sonic-boom": {
            "version": "4.2.1",
            "resolved": "https://registry.npmjs.org/sonic-boom/-/sonic-boom-4.2.1.tgz",
            "integrity": "sha512-w6AxtubXa2wTXAUsZMMWERrsIRAdrK0Sc+FUytWvYAhBJLyuI4llrMIC1DtlNSdI99EI86KZum2MMq3EAZlF9Q==",
            "license": "MIT",
            "dependencies": {
                "atomic-sleep": "^1.0.0"
            }
        },
        "node_modules/split2": {
            "version": "4.2.0",
            "resolved": "https://registry.npmjs.org/split2/-/split2-4.2.0.tgz",
            "integrity": "sha512-UcjcJOWknrNkF6PLX83qcHM6KHgVKNkV62Y8a5uYDVv9ydGQVwAHMKqHdJje1VTWpljG0WYpCDhrCdAOYH4TWg==",
            "license": "ISC",
            "engines": {
                "node": ">= 10.x"
            }
        },
        "node_modules/supports-preserve-symlinks-flag": {
            "version": "1.0.0",
            "resolved": "https://registry.npmjs.org/supports-preserve-symlinks-flag/-/supports-preserve-symlinks-flag-1.0.0.tgz",
            "integrity": "sha512-ot0WnXS9fgdkgIcePe6RHNk1WA8+muPa6cSjeR3V8K27q9BB1rTE3R1p7Hv0z1ZyAc8s6Vvv8DIyWf681MAt0w==",
            "license": "MIT",
            "engines": {
                "node": ">= 0.4"
            },
            "funding": {
                "url": "https://github.com/sponsors/ljharb"
            }
        },
        "node_modules/tarn": {
            "version": "3.1.2",
            "resolved": "https://registry.npmjs.org/tarn/-/tarn-3.1.2.tgz",
            "integrity": "sha512-3RTvqKZcK/17jnJ8rMKFXbyNogywTs1z0gVPPwFsJGX46rkmUHOdIaSQ/aVO1rS7nH+soiXiWk7rvUXxndm8Dg==",
            "license": "MIT",
            "engines": {
                "node": ">=8.0.0"
            }
        },
        "node_modules/thread-stream": {
            "version": "4.2.0",
            "resolved": "https://registry.npmjs.org/thread-stream/-/thread-stream-4.2.0.tgz",
            "integrity": "sha512-e2zZ96wSChazBsbENf/Pcm/4swHt2cEKQ92rhUjkL9GCKiTDJIaTBenjE/m9DXi0QBmTMDkFDdOomUy20A1tDQ==",
            "license": "MIT",
            "dependencies": {
                "real-require": "^1.0.0"
            },
            "engines": {
                "node": ">=20"
            }
        },
        "node_modules/thread-stream/node_modules/real-require": {
            "version": "1.0.0",
            "resolved": "https://registry.npmjs.org/real-require/-/real-require-1.0.0.tgz",
            "integrity": "sha512-P4nbQYQfePJxRSmY+v/KINxVucm4NF3p3s7pJveMTtom52FR4YGltUQLB8idDXwDDWW+eYrWDFbuzUnjoWHF7g==",
            "license": "MIT"
        },
        "node_modules/tildify": {
            "version": "2.0.0",
            "resolved": "https://registry.npmjs.org/tildify/-/tildify-2.0.0.tgz",
            "integrity": "sha512-Cc+OraorugtXNfs50hU9KS369rFXCfgGLpfCfvlc+Ud5u6VWmUQsOAa9HbTvheQdYnrdJqqv1e5oIqXppMYnSw==",
            "license": "MIT",
            "engines": {
                "node": ">=8"
            }
        },
        "node_modules/totalvoice-node": {
            "version": "1.12.0",
            "resolved": "https://registry.npmjs.org/totalvoice-node/-/totalvoice-node-1.12.0.tgz",
            "integrity": "sha512-N6mHc0K0b6xe8rGLVa3WyBDZuND+P0XUMHpXDnFBxuNojUHeF67kp6WlDwDnzW+Lix5v8EUk7TrKapbedv0tYA==",
            "license": "MIT",
            "dependencies": {
                "axios": "^0.21.1"
            }
        },
        "node_modules/tslib": {
            "version": "2.8.1",
            "resolved": "https://registry.npmjs.org/tslib/-/tslib-2.8.1.tgz",
            "integrity": "sha512-oJFu94HQb+KVduSUQL7wnpmqnfmLsOA/nAh6b6EH0wCEoK0/mPeXU6c3wKDV83MkOuHPRHtSXKKU99IBazS/2w==",
            "license": "0BSD"
        },
        "node_modules/xtend": {
            "version": "4.0.2",
            "resolved": "https://registry.npmjs.org/xtend/-/xtend-4.0.2.tgz",
            "integrity": "sha512-LKYU1iAXJXUgAXn9URjiu+MWhyUXHsvfp7mcuYm9dSUKK0/CjtrUwFAxD82/mCWbtLsGjFIad0wIsod4zrTAEQ==",
            "license": "MIT",
            "engines": {
                "node": ">=0.4"
            }
        }
    }
}
